
Microsoft Visual Studio Solution File, Format Version 12.00
# Visual Studio 15
VisualStudioVersion = 15.0.27130.2027
MinimumVisualStudioVersion = 10.0.40219.1
Project("{FAE04EC0-301F-11D3-BF4B-00C04F79EFBC}") = "Test.Android", "Test\Test.Android\Test.Android.csproj", "{1460CFA7-7677-4D03-A506-C4B439368E09}"
EndProject
Project("{FAE04EC0-301F-11D3-BF4B-00C04F79EFBC}") = "Test.iOS", "Test\Test.iOS\Test.iOS.csproj", "{E71A2F30-B43D-45BD-A6F7-A83F17CA561A}"
EndProject
Project("{9A19103F-16F7-4668-BE54-9A1E7A4F7556}") = "Test", "Test\Test\Test.csproj", "{DC4C5DE8-B3F1-4E61-87AC-1BE0CC22A214}"
EndProject
Project("{2150E333-8FDC-42A3-9474-1A3956D46DE8}") = "Demo", "Demo", "{A957BC7C-6B06-4ECC-AA4B-6955AD56C1D4}"
EndProject
Project("{9A19103F-16F7-4668-BE54-9A1E7A4F7556}") = "PhotoBrowser", "PhotoBrowser\PhotoBrowser\PhotoBrowser.csproj", "{25B09430-F62B-4243-8FE9-3E66722AE25F}"
EndProject
Project("{FAE04EC0-301F-11D3-BF4B-00C04F79EFBC}") = "PhotoBrowser.Android", "PhotoBrowser\PhotoBrowser.Android\PhotoBrowser.Android.csproj", "{E320E882-72FF-47F2-BB73-4D499BCDC935}"
EndProject
Project("{FAE04EC0-301F-11D3-BF4B-00C04F79EFBC}") = "PhotoBrowser.iOS", "PhotoBrowser\PhotoBrowser.iOS\PhotoBrowser.iOS.csproj", "{3EFA9AAC-E7EB-4D56-9FB3-1153A1324AA1}"
EndProject
Project("{2150E333-8FDC-42A3-9474-1A3956D46DE8}") = "Library", "Library", "{CBF1A05F-CCEB-4D02-A030-DAE1F5998343}"
EndProject
Project("{FAE04EC0-301F-11D3-BF4B-00C04F79EFBC}") = "PhotoDraweeView", "Binding\Android\PhotoDraweeView\PhotoDraweeView.csproj", "{0F034A8C-7C72-430B-A0FE-3574E88707F3}"
EndProject
Project("{2150E333-8FDC-42A3-9474-1A3956D46DE8}") = "Binding", "Binding", "{C10C4DD0-ACDC-4831-B511-793D4E7FE34E}"
EndProject
Project("{2150E333-8FDC-42A3-9474-1A3956D46DE8}") = "Android", "Android", "{7F547B7B-502E-43E4-96DA-2C4E486D5765}"
EndProject
Project("{FAE04EC0-301F-11D3-BF4B-00C04F79EFBC}") = "FrescoImageViewer", "Binding\Android\FrescoImageViewer\FrescoImageViewer.csproj", "{5BF83DCA-6A9B-44C7-9043-33020A623351}"
EndProject
Project("{2150E333-8FDC-42A3-9474-1A3956D46DE8}") = "Solution Items", "Solution Items", "{8F6A5594-D27B-4061-A168-3F33F48129CD}"
	ProjectSection(SolutionItems) = preProject
		LICENSE.md = LICENSE.md
		nuget.nuspec = nuget.nuspec
		README.md = README.md
	EndProjectSection
EndProject
Global
	GlobalSection(SolutionConfigurationPlatforms) = preSolution
		Ad-Hoc|Any CPU = Ad-Hoc|Any CPU
		Ad-Hoc|iPhone = Ad-Hoc|iPhone
		Ad-Hoc|iPhoneSimulator = Ad-Hoc|iPhoneSimulator
		AppStore|Any CPU = AppStore|Any CPU
		AppStore|iPhone = AppStore|iPhone
		AppStore|iPhoneSimulator = AppStore|iPhoneSimulator
		Debug|Any CPU = Debug|Any CPU
		Debug|iPhone = Debug|iPhone
		Debug|iPhoneSimulator = Debug|iPhoneSimulator
		Release|Any CPU = Release|Any CPU
		Release|iPhone = Release|iPhone
		Release|iPhoneSimulator = Release|iPhoneSimulator
	EndGlobalSection
	GlobalSection(ProjectConfigurationPlatforms) = postSolution
		{1460CFA7-7677-4D03-A506-C4B439368E09}.Ad-Hoc|Any CPU.ActiveCfg = Release|Any CPU
		{1460CFA7-7677-4D03-A506-C4B439368E09}.Ad-Hoc|Any CPU.Build.0 = Release|Any CPU
		{1460CFA7-7677-4D03-A506-C4B439368E09}.Ad-Hoc|Any CPU.Deploy.0 = Release|Any CPU
		{1460CFA7-7677-4D03-A506-C4B439368E09}.Ad-Hoc|iPhone.ActiveCfg = Release|Any CPU
		{1460CFA7-7677-4D03-A506-C4B439368E09}.Ad-Hoc|iPhone.Build.0 = Release|Any CPU
		{1460CFA7-7677-4D03-A506-C4B439368E09}.Ad-Hoc|iPhone.Deploy.0 = Release|Any CPU
		{1460CFA7-7677-4D03-A506-C4B439368E09}.Ad-Hoc|iPhoneSimulator.ActiveCfg = Release|Any CPU
		{1460CFA7-7677-4D03-A506-C4B439368E09}.Ad-Hoc|iPhoneSimulator.Build.0 = Release|Any CPU
		{1460CFA7-7677-4D03-A506-C4B439368E09}.Ad-Hoc|iPhoneSimulator.Deploy.0 = Release|Any CPU
		{1460CFA7-7677-4D03-A506-C4B439368E09}.AppStore|Any CPU.ActiveCfg = Release|Any CPU
		{1460CFA7-7677-4D03-A506-C4B439368E09}.AppStore|Any CPU.Build.0 = Release|Any CPU
		{1460CFA7-7677-4D03-A506-C4B439368E09}.AppStore|Any CPU.Deploy.0 = Release|Any CPU
		{1460CFA7-7677-4D03-A506-C4B439368E09}.AppStore|iPhone.ActiveCfg = Release|Any CPU
		{1460CFA7-7677-4D03-A506-C4B439368E09}.AppStore|iPhone.Build.0 = Release|Any CPU
		{1460CFA7-7677-4D03-A506-C4B439368E09}.AppStore|iPhone.Deploy.0 = Release|Any CPU
		{1460CFA7-7677-4D03-A506-C4B439368E09}.AppStore|iPhoneSimulator.ActiveCfg = Release|Any CPU
		{1460CFA7-7677-4D03-A506-C4B439368E09}.AppStore|iPhoneSimulator.Build.0 = Release|Any CPU
		{1460CFA7-7677-4D03-A506-C4B439368E09}.AppStore|iPhoneSimulator.Deploy.0 = Release|Any CPU
		{1460CFA7-7677-4D03-A506-C4B439368E09}.Debug|Any CPU.ActiveCfg = Debug|Any CPU
		{1460CFA7-7677-4D03-A506-C4B439368E09}.Debug|Any CPU.Build.0 = Debug|Any CPU
		{1460CFA7-7677-4D03-A506-C4B439368E09}.Debug|Any CPU.Deploy.0 = Debug|Any CPU
		{1460CFA7-7677-4D03-A506-C4B439368E09}.Debug|iPhone.ActiveCfg = Debug|Any CPU
		{1460CFA7-7677-4D03-A506-C4B439368E09}.Debug|iPhone.Build.0 = Debug|Any CPU
		{1460CFA7-7677-4D03-A506-C4B439368E09}.Debug|iPhone.Deploy.0 = Debug|Any CPU
		{1460CFA7-7677-4D03-A506-C4B439368E09}.Debug|iPhoneSimulator.ActiveCfg = Debug|Any CPU
		{1460CFA7-7677-4D03-A506-C4B439368E09}.Debug|iPhoneSimulator.Build.0 = Debug|Any CPU
		{1460CFA7-7677-4D03-A506-C4B439368E09}.Debug|iPhoneSimulator.Deploy.0 = Debug|Any CPU
		{1460CFA7-7677-4D03-A506-C4B439368E09}.Release|Any CPU.ActiveCfg = Release|Any CPU
		{1460CFA7-7677-4D03-A506-C4B439368E09}.Release|Any CPU.Build.0 = Release|Any CPU
		{1460CFA7-7677-4D03-A506-C4B439368E09}.Release|Any CPU.Deploy.0 = Release|Any CPU
		{1460CFA7-7677-4D03-A506-C4B439368E09}.Release|iPhone.ActiveCfg = Release|Any CPU
		{1460CFA7-7677-4D03-A506-C4B439368E09}.Release|iPhone.Build.0 = Release|Any CPU
		{1460CFA7-7677-4D03-A506-C4B439368E09}.Release|iPhone.Deploy.0 = Release|Any CPU
		{1460CFA7-7677-4D03-A506-C4B439368E09}.Release|iPhoneSimulator.ActiveCfg = Release|Any CPU
		{1460CFA7-7677-4D03-A506-C4B439368E09}.Release|iPhoneSimulator.Build.0 = Release|Any CPU
		{1460CFA7-7677-4D03-A506-C4B439368E09}.Release|iPhoneSimulator.Deploy.0 = Release|Any CPU
		{E71A2F30-B43D-45BD-A6F7-A83F17CA561A}.Ad-Hoc|Any CPU.ActiveCfg = Ad-Hoc|iPhone
		{E71A2F30-B43D-45BD-A6F7-A83F17CA561A}.Ad-Hoc|iPhone.ActiveCfg = Ad-Hoc|iPhone
		{E71A2F30-B43D-45BD-A6F7-A83F17CA561A}.Ad-Hoc|iPhone.Build.0 = Ad-Hoc|iPhone
		{E71A2F30-B43D-45BD-A6F7-A83F17CA561A}.Ad-Hoc|iPhoneSimulator.ActiveCfg = Ad-Hoc|iPhoneSimulator
		{E71A2F30-B43D-45BD-A6F7-A83F17CA561A}.Ad-Hoc|iPhoneSimulator.Build.0 = Ad-Hoc|iPhoneSimulator
		{E71A2F30-B43D-45BD-A6F7-A83F17CA561A}.AppStore|Any CPU.ActiveCfg = AppStore|iPhone
		{E71A2F30-B43D-45BD-A6F7-A83F17CA561A}.AppStore|iPhone.ActiveCfg = AppStore|iPhone
		{E71A2F30-B43D-45BD-A6F7-A83F17CA561A}.AppStore|iPhone.Build.0 = AppStore|iPhone
		{E71A2F30-B43D-45BD-A6F7-A83F17CA561A}.AppStore|iPhoneSimulator.ActiveCfg = AppStore|iPhoneSimulator
		{E71A2F30-B43D-45BD-A6F7-A83F17CA561A}.AppStore|iPhoneSimulator.Build.0 = AppStore|iPhoneSimulator
		{E71A2F30-B43D-45BD-A6F7-A83F17CA561A}.Debug|Any CPU.ActiveCfg = Debug|iPhone
		{E71A2F30-B43D-45BD-A6F7-A83F17CA561A}.Debug|iPhone.ActiveCfg = Debug|iPhone
		{E71A2F30-B43D-45BD-A6F7-A83F17CA561A}.Debug|iPhone.Build.0 = Debug|iPhone
		{E71A2F30-B43D-45BD-A6F7-A83F17CA561A}.Debug|iPhoneSimulator.ActiveCfg = Debug|iPhoneSimulator
		{E71A2F30-B43D-45BD-A6F7-A83F17CA561A}.Debug|iPhoneSimulator.Build.0 = Debug|iPhoneSimulator
		{E71A2F30-B43D-45BD-A6F7-A83F17CA561A}.Release|Any CPU.ActiveCfg = Release|iPhone
		{E71A2F30-B43D-45BD-A6F7-A83F17CA561A}.Release|iPhone.ActiveCfg = Release|iPhone
		{E71A2F30-B43D-45BD-A6F7-A83F17CA561A}.Release|iPhone.Build.0 = Release|iPhone
		{E71A2F30-B43D-45BD-A6F7-A83F17CA561A}.Release|iPhoneSimulator.ActiveCfg = Release|iPhoneSimulator
		{E71A2F30-B43D-45BD-A6F7-A83F17CA561A}.Release|iPhoneSimulator.Build.0 = Release|iPhoneSimulator
		{DC4C5DE8-B3F1-4E61-87AC-1BE0CC22A214}.Ad-Hoc|Any CPU.ActiveCfg = Debug|Any CPU
		{DC4C5DE8-B3F1-4E61-87AC-1BE0CC22A214}.Ad-Hoc|Any CPU.Build.0 = Debug|Any CPU
		{DC4C5DE8-B3F1-4E61-87AC-1BE0CC22A214}.Ad-Hoc|iPhone.ActiveCfg = Debug|Any CPU
		{DC4C5DE8-B3F1-4E61-87AC-1BE0CC22A214}.Ad-Hoc|iPhone.Build.0 = Debug|Any CPU
		{DC4C5DE8-B3F1-4E61-87AC-1BE0CC22A214}.Ad-Hoc|iPhoneSimulator.ActiveCfg = Debug|Any CPU
		{DC4C5DE8-B3F1-4E61-87AC-1BE0CC22A214}.Ad-Hoc|iPhoneSimulator.Build.0 = Debug|Any CPU
		{DC4C5DE8-B3F1-4E61-87AC-1BE0CC22A214}.AppStore|Any CPU.ActiveCfg = Debug|Any CPU
		{DC4C5DE8-B3F1-4E61-87AC-1BE0CC22A214}.AppStore|Any CPU.Build.0 = Debug|Any CPU
		{DC4C5DE8-B3F1-4E61-87AC-1BE0CC22A214}.AppStore|iPhone.ActiveCfg = Debug|Any CPU
		{DC4C5DE8-B3F1-4E61-87AC-1BE0CC22A214}.AppStore|iPhone.Build.0 = Debug|Any CPU
		{DC4C5DE8-B3F1-4E61-87AC-1BE0CC22A214}.AppStore|iPhoneSimulator.ActiveCfg = Debug|Any CPU
		{DC4C5DE8-B3F1-4E61-87AC-1BE0CC22A214}.AppStore|iPhoneSimulator.Build.0 = Debug|Any CPU
		{DC4C5DE8-B3F1-4E61-87AC-1BE0CC22A214}.Debug|Any CPU.ActiveCfg = Debug|Any CPU
		{DC4C5DE8-B3F1-4E61-87AC-1BE0CC22A214}.Debug|Any CPU.Build.0 = Debug|Any CPU
		{DC4C5DE8-B3F1-4E61-87AC-1BE0CC22A214}.Debug|iPhone.ActiveCfg = Debug|Any CPU
		{DC4C5DE8-B3F1-4E61-87AC-1BE0CC22A214}.Debug|iPhone.Build.0 = Debug|Any CPU
		{DC4C5DE8-B3F1-4E61-87AC-1BE0CC22A214}.Debug|iPhoneSimulator.ActiveCfg = Debug|Any CPU
		{DC4C5DE8-B3F1-4E61-87AC-1BE0CC22A214}.Debug|iPhoneSimulator.Build.0 = Debug|Any CPU
		{DC4C5DE8-B3F1-4E61-87AC-1BE0CC22A214}.Release|Any CPU.ActiveCfg = Release|Any CPU
		{DC4C5DE8-B3F1-4E61-87AC-1BE0CC22A214}.Release|Any CPU.Build.0 = Release|Any CPU
		{DC4C5DE8-B3F1-4E61-87AC-1BE0CC22A214}.Release|iPhone.ActiveCfg = Release|Any CPU
		{DC4C5DE8-B3F1-4E61-87AC-1BE0CC22A214}.Release|iPhone.Build.0 = Release|Any CPU
		{DC4C5DE8-B3F1-4E61-87AC-1BE0CC22A214}.Release|iPhoneSimulator.ActiveCfg = Release|Any CPU
		{DC4C5DE8-B3F1-4E61-87AC-1BE0CC22A214}.Release|iPhoneSimulator.Build.0 = Release|Any CPU
		{25B09430-F62B-4243-8FE9-3E66722AE25F}.Ad-Hoc|Any CPU.ActiveCfg = Debug|Any CPU
		{25B09430-F62B-4243-8FE9-3E66722AE25F}.Ad-Hoc|Any CPU.Build.0 = Debug|Any CPU
		{25B09430-F62B-4243-8FE9-3E66722AE25F}.Ad-Hoc|iPhone.ActiveCfg = Debug|Any CPU
		{25B09430-F62B-4243-8FE9-3E66722AE25F}.Ad-Hoc|iPhone.Build.0 = Debug|Any CPU
		{25B09430-F62B-4243-8FE9-3E66722AE25F}.Ad-Hoc|iPhoneSimulator.ActiveCfg = Debug|Any CPU
		{25B09430-F62B-4243-8FE9-3E66722AE25F}.Ad-Hoc|iPhoneSimulator.Build.0 = Debug|Any CPU
		{25B09430-F62B-4243-8FE9-3E66722AE25F}.AppStore|Any CPU.ActiveCfg = Debug|Any CPU
		{25B09430-F62B-4243-8FE9-3E66722AE25F}.AppStore|Any CPU.Build.0 = Debug|Any CPU
		{25B09430-F62B-4243-8FE9-3E66722AE25F}.AppStore|iPhone.ActiveCfg = Debug|Any CPU
		{25B09430-F62B-4243-8FE9-3E66722AE25F}.AppStore|iPhone.Build.0 = Debug|Any CPU
		{25B09430-F62B-4243-8FE9-3E66722AE25F}.AppStore|iPhoneSimulator.ActiveCfg = Debug|Any CPU
		{25B09430-F62B-4243-8FE9-3E66722AE25F}.AppStore|iPhoneSimulator.Build.0 = Debug|Any CPU
		{25B09430-F62B-4243-8FE9-3E66722AE25F}.Debug|Any CPU.ActiveCfg = Debug|Any CPU
		{25B09430-F62B-4243-8FE9-3E66722AE25F}.Debug|Any CPU.Build.0 = Debug|Any CPU
		{25B09430-F62B-4243-8FE9-3E66722AE25F}.Debug|iPhone.ActiveCfg = Debug|Any CPU
		{25B09430-F62B-4243-8FE9-3E66722AE25F}.Debug|iPhone.Build.0 = Debug|Any CPU
		{25B09430-F62B-4243-8FE9-3E66722AE25F}.Debug|iPhoneSimulator.ActiveCfg = Debug|Any CPU
		{25B09430-F62B-4243-8FE9-3E66722AE25F}.Debug|iPhoneSimulator.Build.0 = Debug|Any CPU
		{25B09430-F62B-4243-8FE9-3E66722AE25F}.Release|Any CPU.ActiveCfg = Release|Any CPU
		{25B09430-F62B-4243-8FE9-3E66722AE25F}.Release|Any CPU.Build.0 = Release|Any CPU
		{25B09430-F62B-4243-8FE9-3E66722AE25F}.Release|iPhone.ActiveCfg = Release|Any CPU
		{25B09430-F62B-4243-8FE9-3E66722AE25F}.Release|iPhone.Build.0 = Release|Any CPU
		{25B09430-F62B-4243-8FE9-3E66722AE25F}.Release|iPhoneSimulator.ActiveCfg = Release|Any CPU
		{25B09430-F62B-4243-8FE9-3E66722AE25F}.Release|iPhoneSimulator.Build.0 = Release|Any CPU
		{E320E882-72FF-47F2-BB73-4D499BCDC935}.Ad-Hoc|Any CPU.ActiveCfg = Release|Any CPU
		{E320E882-72FF-47F2-BB73-4D499BCDC935}.Ad-Hoc|Any CPU.Build.0 = Release|Any CPU
		{E320E882-72FF-47F2-BB73-4D499BCDC935}.Ad-Hoc|iPhone.ActiveCfg = Release|Any CPU
		{E320E882-72FF-47F2-BB73-4D499BCDC935}.Ad-Hoc|iPhone.Build.0 = Release|Any CPU
		{E320E882-72FF-47F2-BB73-4D499BCDC935}.Ad-Hoc|iPhoneSimulator.ActiveCfg = Release|Any CPU
		{E320E882-72FF-47F2-BB73-4D499BCDC935}.Ad-Hoc|iPhoneSimulator.Build.0 = Release|Any CPU
		{E320E882-72FF-47F2-BB73-4D499BCDC935}.AppStore|Any CPU.ActiveCfg = Release|Any CPU
		{E320E882-72FF-47F2-BB73-4D499BCDC935}.AppStore|Any CPU.Build.0 = Release|Any CPU
		{E320E882-72FF-47F2-BB73-4D499BCDC935}.AppStore|iPhone.ActiveCfg = Release|Any CPU
		{E320E882-72FF-47F2-BB73-4D499BCDC935}.AppStore|iPhone.Build.0 = Release|Any CPU
		{E320E882-72FF-47F2-BB73-4D499BCDC935}.AppStore|iPhoneSimulator.ActiveCfg = Release|Any CPU
		{E320E882-72FF-47F2-BB73-4D499BCDC935}.AppStore|iPhoneSimulator.Build.0 = Release|Any CPU
		{E320E882-72FF-47F2-BB73-4D499BCDC935}.Debug|Any CPU.ActiveCfg = Debug|Any CPU
		{E320E882-72FF-47F2-BB73-4D499BCDC935}.Debug|Any CPU.Build.0 = Debug|Any CPU
		{E320E882-72FF-47F2-BB73-4D499BCDC935}.Debug|iPhone.ActiveCfg = Debug|Any CPU
		{E320E882-72FF-47F2-BB73-4D499BCDC935}.Debug|iPhone.Build.0 = Debug|Any CPU
		{E320E882-72FF-47F2-BB73-4D499BCDC935}.Debug|iPhoneSimulator.ActiveCfg = Debug|Any CPU
		{E320E882-72FF-47F2-BB73-4D499BCDC935}.Debug|iPhoneSimulator.Build.0 = Debug|Any CPU
		{E320E882-72FF-47F2-BB73-4D499BCDC935}.Release|Any CPU.ActiveCfg = Release|Any CPU
		{E320E882-72FF-47F2-BB73-4D499BCDC935}.Release|Any CPU.Build.0 = Release|Any CPU
		{E320E882-72FF-47F2-BB73-4D499BCDC935}.Release|iPhone.ActiveCfg = Release|Any CPU
		{E320E882-72FF-47F2-BB73-4D499BCDC935}.Release|iPhone.Build.0 = Release|Any CPU
		{E320E882-72FF-47F2-BB73-4D499BCDC935}.Release|iPhoneSimulator.ActiveCfg = Release|Any CPU
		{E320E882-72FF-47F2-BB73-4D499BCDC935}.Release|iPhoneSimulator.Build.0 = Release|Any CPU
		{3EFA9AAC-E7EB-4D56-9FB3-1153A1324AA1}.Ad-Hoc|Any CPU.ActiveCfg = Release|Any CPU
		{3EFA9AAC-E7EB-4D56-9FB3-1153A1324AA1}.Ad-Hoc|Any CPU.Build.0 = Release|Any CPU
		{3EFA9AAC-E7EB-4D56-9FB3-1153A1324AA1}.Ad-Hoc|iPhone.ActiveCfg = Release|Any CPU
		{3EFA9AAC-E7EB-4D56-9FB3-1153A1324AA1}.Ad-Hoc|iPhone.Build.0 = Release|Any CPU
		{3EFA9AAC-E7EB-4D56-9FB3-1153A1324AA1}.Ad-Hoc|iPhoneSimulator.ActiveCfg = Release|Any CPU
		{3EFA9AAC-E7EB-4D56-9FB3-1153A1324AA1}.Ad-Hoc|iPhoneSimulator.Build.0 = Release|Any CPU
		{3EFA9AAC-E7EB-4D56-9FB3-1153A1324AA1}.AppStore|Any CPU.ActiveCfg = Release|Any CPU
		{3EFA9AAC-E7EB-4D56-9FB3-1153A1324AA1}.AppStore|Any CPU.Build.0 = Release|Any CPU
		{3EFA9AAC-E7EB-4D56-9FB3-1153A1324AA1}.AppStore|iPhone.ActiveCfg = Release|Any CPU
		{3EFA9AAC-E7EB-4D56-9FB3-1153A1324AA1}.AppStore|iPhone.Build.0 = Release|Any CPU
		{3EFA9AAC-E7EB-4D56-9FB3-1153A1324AA1}.AppStore|iPhoneSimulator.ActiveCfg = Release|Any CPU
		{3EFA9AAC-E7EB-4D56-9FB3-1153A1324AA1}.AppStore|iPhoneSimulator.Build.0 = Release|Any CPU
		{3EFA9AAC-E7EB-4D56-9FB3-1153A1324AA1}.Debug|Any CPU.ActiveCfg = Debug|Any CPU
		{3EFA9AAC-E7EB-4D56-9FB3-1153A1324AA1}.Debug|Any CPU.Build.0 = Debug|Any CPU
		{3EFA9AAC-E7EB-4D56-9FB3-1153A1324AA1}.Debug|iPhone.ActiveCfg = Debug|Any CPU
		{3EFA9AAC-E7EB-4D56-9FB3-1153A1324AA1}.Debug|iPhone.Build.0 = Debug|Any CPU
		{3EFA9AAC-E7EB-4D56-9FB3-1153A1324AA1}.Debug|iPhoneSimulator.ActiveCfg = Debug|Any CPU
		{3EFA9AAC-E7EB-4D56-9FB3-1153A1324AA1}.Debug|iPhoneSimulator.Build.0 = Debug|Any CPU
		{3EFA9AAC-E7EB-4D56-9FB3-1153A1324AA1}.Release|Any CPU.ActiveCfg = Release|Any CPU
		{3EFA9AAC-E7EB-4D56-9FB3-1153A1324AA1}.Release|Any CPU.Build.0 = Release|Any CPU
		{3EFA9AAC-E7EB-4D56-9FB3-1153A1324AA1}.Release|iPhone.ActiveCfg = Release|Any CPU
		{3EFA9AAC-E7EB-4D56-9FB3-1153A1324AA1}.Release|iPhone.Build.0 = Release|Any CPU
		{3EFA9AAC-E7EB-4D56-9FB3-1153A1324AA1}.Release|iPhoneSimulator.ActiveCfg = Release|Any CPU
		{3EFA9AAC-E7EB-4D56-9FB3-1153A1324AA1}.Release|iPhoneSimulator.Build.0 = Release|Any CPU
		{0F034A8C-7C72-430B-A0FE-3574E88707F3}.Ad-Hoc|Any CPU.ActiveCfg = Release|Any CPU
		{0F034A8C-7C72-430B-A0FE-3574E88707F3}.Ad-Hoc|Any CPU.Build.0 = Release|Any CPU
		{0F034A8C-7C72-430B-A0FE-3574E88707F3}.Ad-Hoc|iPhone.ActiveCfg = Release|Any CPU
		{0F034A8C-7C72-430B-A0FE-3574E88707F3}.Ad-Hoc|iPhone.Build.0 = Release|Any CPU
		{0F034A8C-7C72-430B-A0FE-3574E88707F3}.Ad-Hoc|iPhoneSimulator.ActiveCfg = Release|Any CPU
		{0F034A8C-7C72-430B-A0FE-3574E88707F3}.Ad-Hoc|iPhoneSimulator.Build.0 = Release|Any CPU
		{0F034A8C-7C72-430B-A0FE-3574E88707F3}.AppStore|Any CPU.ActiveCfg = Release|Any CPU
		{0F034A8C-7C72-430B-A0FE-3574E88707F3}.AppStore|Any CPU.Build.0 = Release|Any CPU
		{0F034A8C-7C72-430B-A0FE-3574E88707F3}.AppStore|iPhone.ActiveCfg = Release|Any CPU
		{0F034A8C-7C72-430B-A0FE-3574E88707F3}.AppStore|iPhone.Build.0 = Release|Any CPU
		{0F034A8C-7C72-430B-A0FE-3574E88707F3}.AppStore|iPhoneSimulator.ActiveCfg = Release|Any CPU
		{0F034A8C-7C72-430B-A0FE-3574E88707F3}.AppStore|iPhoneSimulator.Build.0 = Release|Any CPU
		{0F034A8C-7C72-430B-A0FE-3574E88707F3}.Debug|Any CPU.ActiveCfg = Debug|Any CPU
		{0F034A8C-7C72-430B-A0FE-3574E88707F3}.Debug|Any CPU.Build.0 = Debug|Any CPU
		{0F034A8C-7C72-430B-A0FE-3574E88707F3}.Debug|iPhone.ActiveCfg = Debug|Any CPU
		{0F034A8C-7C72-430B-A0FE-3574E88707F3}.Debug|iPhone.Build.0 = Debug|Any CPU
		{0F034A8C-7C72-430B-A0FE-3574E88707F3}.Debug|iPhoneSimulator.ActiveCfg = Debug|Any CPU
		{0F034A8C-7C72-430B-A0FE-3574E88707F3}.Debug|iPhoneSimulator.Build.0 = Debug|Any CPU
		{0F034A8C-7C72-430B-A0FE-3574E88707F3}.Release|Any CPU.ActiveCfg = Release|Any CPU
		{0F034A8C-7C72-430B-A0FE-3574E88707F3}.Release|Any CPU.Build.0 = Release|Any CPU
		{0F034A8C-7C72-430B-A0FE-3574E88707F3}.Release|iPhone.ActiveCfg = Release|Any CPU
		{0F034A8C-7C72-430B-A0FE-3574E88707F3}.Release|iPhone.Build.0 = Release|Any CPU
		{0F034A8C-7C72-430B-A0FE-3574E88707F3}.Release|iPhoneSimulator.ActiveCfg = Release|Any CPU
		{0F034A8C-7C72-430B-A0FE-3574E88707F3}.Release|iPhoneSimulator.Build.0 = Release|Any CPU
		{5BF83DCA-6A9B-44C7-9043-33020A623351}.Ad-Hoc|Any CPU.ActiveCfg = Release|Any CPU
		{5BF83DCA-6A9B-44C7-9043-33020A623351}.Ad-Hoc|Any CPU.Build.0 = Release|Any CPU
		{5BF83DCA-6A9B-44C7-9043-33020A623351}.Ad-Hoc|iPhone.ActiveCfg = Release|Any CPU
		{5BF83DCA-6A9B-44C7-9043-33020A623351}.Ad-Hoc|iPhone.Build.0 = Release|Any CPU
		{5BF83DCA-6A9B-44C7-9043-33020A623351}.Ad-Hoc|iPhoneSimulator.ActiveCfg = Release|Any CPU
		{5BF83DCA-6A9B-44C7-9043-33020A623351}.Ad-Hoc|iPhoneSimulator.Build.0 = Release|Any CPU
		{5BF83DCA-6A9B-44C7-9043-33020A623351}.AppStore|Any CPU.ActiveCfg = Release|Any CPU
		{5BF83DCA-6A9B-44C7-9043-33020A623351}.AppStore|Any CPU.Build.0 = Release|Any CPU
		{5BF83DCA-6A9B-44C7-9043-33020A623351}.AppStore|iPhone.ActiveCfg = Release|Any CPU
		{5BF83DCA-6A9B-44C7-9043-33020A623351}.AppStore|iPhone.Build.0 = Release|Any CPU
		{5BF83DCA-6A9B-44C7-9043-33020A623351}.AppStore|iPhoneSimulator.ActiveCfg = Release|Any CPU
		{5BF83DCA-6A9B-44C7-9043-33020A623351}.AppStore|iPhoneSimulator.Build.0 = Release|Any CPU
		{5BF83DCA-6A9B-44C7-9043-33020A623351}.Debug|Any CPU.ActiveCfg = Debug|Any CPU
		{5BF83DCA-6A9B-44C7-9043-33020A623351}.Debug|Any CPU.Build.0 = Debug|Any CPU
		{5BF83DCA-6A9B-44C7-9043-33020A623351}.Debug|iPhone.ActiveCfg = Debug|Any CPU
		{5BF83DCA-6A9B-44C7-9043-33020A623351}.Debug|iPhone.Build.0 = Debug|Any CPU
		{5BF83DCA-6A9B-44C7-9043-33020A623351}.Debug|iPhoneSimulator.ActiveCfg = Debug|Any CPU
		{5BF83DCA-6A9B-44C7-9043-33020A623351}.Debug|iPhoneSimulator.Build.0 = Debug|Any CPU
		{5BF83DCA-6A9B-44C7-9043-33020A623351}.Release|Any CPU.ActiveCfg = Release|Any CPU
		{5BF83DCA-6A9B-44C7-9043-33020A623351}.Release|Any CPU.Build.0 = Release|Any CPU
		{5BF83DCA-6A9B-44C7-9043-33020A623351}.Release|iPhone.ActiveCfg = Release|Any CPU
		{5BF83DCA-6A9B-44C7-9043-33020A623351}.Release|iPhone.Build.0 = Release|Any CPU
		{5BF83DCA-6A9B-44C7-9043-33020A623351}.Release|iPhoneSimulator.ActiveCfg = Release|Any CPU
		{5BF83DCA-6A9B-44C7-9043-33020A623351}.Release|iPhoneSimulator.Build.0 = Release|Any CPU
	EndGlobalSection
	GlobalSection(SolutionProperties) = preSolution
		HideSolutionNode = FALSE
	EndGlobalSection
	GlobalSection(NestedProjects) = preSolution
		{1460CFA7-7677-4D03-A506-C4B439368E09} = {A957BC7C-6B06-4ECC-AA4B-6955AD56C1D4}
		{E71A2F30-B43D-45BD-A6F7-A83F17CA561A} = {A957BC7C-6B06-4ECC-AA4B-6955AD56C1D4}
		{DC4C5DE8-B3F1-4E61-87AC-1BE0CC22A214} = {A957BC7C-6B06-4ECC-AA4B-6955AD56C1D4}
		{25B09430-F62B-4243-8FE9-3E66722AE25F} = {CBF1A05F-CCEB-4D02-A030-DAE1F5998343}
		{E320E882-72FF-47F2-BB73-4D499BCDC935} = {CBF1A05F-CCEB-4D02-A030-DAE1F5998343}
		{3EFA9AAC-E7EB-4D56-9FB3-1153A1324AA1} = {CBF1A05F-CCEB-4D02-A030-DAE1F5998343}
		{0F034A8C-7C72-430B-A0FE-3574E88707F3} = {7F547B7B-502E-43E4-96DA-2C4E486D5765}
		{7F547B7B-502E-43E4-96DA-2C4E486D5765} = {C10C4DD0-ACDC-4831-B511-793D4E7FE34E}
		{5BF83DCA-6A9B-44C7-9043-33020A623351} = {7F547B7B-502E-43E4-96DA-2C4E486D5765}
	EndGlobalSection
	GlobalSection(ExtensibilityGlobals) = postSolution
		SolutionGuid = {8DE693C9-43AE-402C-A0A8-117D52B6E425}
	EndGlobalSection
EndGlobal
