
Microsoft Visual Studio Solution File, Format Version 12.00
# Visual Studio 15
VisualStudioVersion = 15.0.26730.10
MinimumVisualStudioVersion = 10.0.40219.1


Project("{9A19103F-16F7-4668-BE54-9A1E7A4F7556}") = "Test", "Test\Test\Test.csproj", "{F2E2687B-206C-4F10-BBBF-2452E4FD3E4C}"
EndProject

Project("{FAE04EC0-301F-11D3-BF4B-00C04F79EFBC}") = "Test.iOS", "Test\Test.iOS\Test.iOS.csproj", "{E71A2F30-B43D-45BD-A6F7-A83F17CA561A}"
EndProject


Project("{FAE04EC0-301F-11D3-BF4B-00C04F79EFBC}") = "Test.Android", "Test\Test.Android\Test.Android.csproj", "{1460CFA7-7677-4D03-A506-C4B439368E09}"
EndProject


Global
	GlobalSection(SolutionConfigurationPlatforms) = preSolution
		Ad-Hoc|Any CPU = Ad-Hoc|Any CPU
		Ad-Hoc|ARM = Ad-Hoc|ARM
		Ad-Hoc|iPhone = Ad-Hoc|iPhone
		Ad-Hoc|iPhoneSimulator = Ad-Hoc|iPhoneSimulator
		Ad-Hoc|x64 = Ad-Hoc|x64
		Ad-Hoc|x86 = Ad-Hoc|x86
		AppStore|Any CPU = AppStore|Any CPU
		AppStore|ARM = AppStore|ARM
		AppStore|iPhone = AppStore|iPhone
		AppStore|iPhoneSimulator = AppStore|iPhoneSimulator
		AppStore|x64 = AppStore|x64
		AppStore|x86 = AppStore|x86
		Debug|Any CPU = Debug|Any CPU
		Debug|ARM = Debug|ARM
		Debug|iPhone = Debug|iPhone
		Debug|iPhoneSimulator = Debug|iPhoneSimulator
		Debug|x64 = Debug|x64
		Debug|x86 = Debug|x86
		Release|Any CPU = Release|Any CPU
		Release|ARM = Release|ARM
		Release|iPhone = Release|iPhone
		Release|iPhoneSimulator = Release|iPhoneSimulator
		Release|x64 = Release|x64
		Release|x86 = Release|x86
	EndGlobalSection
	GlobalSection(ProjectConfigurationPlatforms) = postSolution
		{F2E2687B-206C-4F10-BBBF-2452E4FD3E4C}.Ad-Hoc|Any CPU.ActiveCfg = Debug|Any CPU
		{F2E2687B-206C-4F10-BBBF-2452E4FD3E4C}.Ad-Hoc|Any CPU.Build.0 = Debug|Any CPU
		{F2E2687B-206C-4F10-BBBF-2452E4FD3E4C}.Ad-Hoc|ARM.ActiveCfg = Debug|Any CPU
		{F2E2687B-206C-4F10-BBBF-2452E4FD3E4C}.Ad-Hoc|ARM.Build.0 = Debug|Any CPU
		{F2E2687B-206C-4F10-BBBF-2452E4FD3E4C}.Ad-Hoc|iPhone.ActiveCfg = Debug|Any CPU
		{F2E2687B-206C-4F10-BBBF-2452E4FD3E4C}.Ad-Hoc|iPhone.Build.0 = Debug|Any CPU
		{F2E2687B-206C-4F10-BBBF-2452E4FD3E4C}.Ad-Hoc|iPhoneSimulator.ActiveCfg = Debug|Any CPU
		{F2E2687B-206C-4F10-BBBF-2452E4FD3E4C}.Ad-Hoc|iPhoneSimulator.Build.0 = Debug|Any CPU
		{F2E2687B-206C-4F10-BBBF-2452E4FD3E4C}.Ad-Hoc|x64.ActiveCfg = Debug|Any CPU
		{F2E2687B-206C-4F10-BBBF-2452E4FD3E4C}.Ad-Hoc|x64.Build.0 = Debug|Any CPU
		{F2E2687B-206C-4F10-BBBF-2452E4FD3E4C}.Ad-Hoc|x86.ActiveCfg = Debug|Any CPU
		{F2E2687B-206C-4F10-BBBF-2452E4FD3E4C}.Ad-Hoc|x86.Build.0 = Debug|Any CPU
		{F2E2687B-206C-4F10-BBBF-2452E4FD3E4C}.AppStore|Any CPU.ActiveCfg = Debug|Any CPU
		{F2E2687B-206C-4F10-BBBF-2452E4FD3E4C}.AppStore|Any CPU.Build.0 = Debug|Any CPU
		{F2E2687B-206C-4F10-BBBF-2452E4FD3E4C}.AppStore|ARM.ActiveCfg = Debug|Any CPU
		{F2E2687B-206C-4F10-BBBF-2452E4FD3E4C}.AppStore|ARM.Build.0 = Debug|Any CPU
		{F2E2687B-206C-4F10-BBBF-2452E4FD3E4C}.AppStore|iPhone.ActiveCfg = Debug|Any CPU
		{F2E2687B-206C-4F10-BBBF-2452E4FD3E4C}.AppStore|iPhone.Build.0 = Debug|Any CPU
		{F2E2687B-206C-4F10-BBBF-2452E4FD3E4C}.AppStore|iPhoneSimulator.ActiveCfg = Debug|Any CPU
		{F2E2687B-206C-4F10-BBBF-2452E4FD3E4C}.AppStore|iPhoneSimulator.Build.0 = Debug|Any CPU
		{F2E2687B-206C-4F10-BBBF-2452E4FD3E4C}.AppStore|x64.ActiveCfg = Debug|Any CPU
		{F2E2687B-206C-4F10-BBBF-2452E4FD3E4C}.AppStore|x64.Build.0 = Debug|Any CPU
		{F2E2687B-206C-4F10-BBBF-2452E4FD3E4C}.AppStore|x86.ActiveCfg = Debug|Any CPU
		{F2E2687B-206C-4F10-BBBF-2452E4FD3E4C}.AppStore|x86.Build.0 = Debug|Any CPU
		{F2E2687B-206C-4F10-BBBF-2452E4FD3E4C}.Debug|Any CPU.ActiveCfg = Debug|Any CPU
		{F2E2687B-206C-4F10-BBBF-2452E4FD3E4C}.Debug|Any CPU.Build.0 = Debug|Any CPU
		{F2E2687B-206C-4F10-BBBF-2452E4FD3E4C}.Debug|ARM.ActiveCfg = Debug|Any CPU
		{F2E2687B-206C-4F10-BBBF-2452E4FD3E4C}.Debug|ARM.Build.0 = Debug|Any CPU
		{F2E2687B-206C-4F10-BBBF-2452E4FD3E4C}.Debug|iPhone.ActiveCfg = Debug|Any CPU
		{F2E2687B-206C-4F10-BBBF-2452E4FD3E4C}.Debug|iPhone.Build.0 = Debug|Any CPU
		{F2E2687B-206C-4F10-BBBF-2452E4FD3E4C}.Debug|iPhoneSimulator.ActiveCfg = Debug|Any CPU
		{F2E2687B-206C-4F10-BBBF-2452E4FD3E4C}.Debug|iPhoneSimulator.Build.0 = Debug|Any CPU
		{F2E2687B-206C-4F10-BBBF-2452E4FD3E4C}.Debug|x64.ActiveCfg = Debug|Any CPU
		{F2E2687B-206C-4F10-BBBF-2452E4FD3E4C}.Debug|x64.Build.0 = Debug|Any CPU
		{F2E2687B-206C-4F10-BBBF-2452E4FD3E4C}.Debug|x86.ActiveCfg = Debug|Any CPU
		{F2E2687B-206C-4F10-BBBF-2452E4FD3E4C}.Debug|x86.Build.0 = Debug|Any CPU
		{F2E2687B-206C-4F10-BBBF-2452E4FD3E4C}.Release|Any CPU.ActiveCfg = Release|Any CPU
		{F2E2687B-206C-4F10-BBBF-2452E4FD3E4C}.Release|Any CPU.Build.0 = Release|Any CPU
		{F2E2687B-206C-4F10-BBBF-2452E4FD3E4C}.Release|ARM.ActiveCfg = Release|Any CPU
		{F2E2687B-206C-4F10-BBBF-2452E4FD3E4C}.Release|ARM.Build.0 = Release|Any CPU
		{F2E2687B-206C-4F10-BBBF-2452E4FD3E4C}.Release|iPhone.ActiveCfg = Release|Any CPU
		{F2E2687B-206C-4F10-BBBF-2452E4FD3E4C}.Release|iPhone.Build.0 = Release|Any CPU
		{F2E2687B-206C-4F10-BBBF-2452E4FD3E4C}.Release|iPhoneSimulator.ActiveCfg = Release|Any CPU
		{F2E2687B-206C-4F10-BBBF-2452E4FD3E4C}.Release|iPhoneSimulator.Build.0 = Release|Any CPU
		{F2E2687B-206C-4F10-BBBF-2452E4FD3E4C}.Release|x64.ActiveCfg = Release|Any CPU
		{F2E2687B-206C-4F10-BBBF-2452E4FD3E4C}.Release|x64.Build.0 = Release|Any CPU
		{F2E2687B-206C-4F10-BBBF-2452E4FD3E4C}.Release|x86.ActiveCfg = Release|Any CPU
		{F2E2687B-206C-4F10-BBBF-2452E4FD3E4C}.Release|x86.Build.0 = Release|Any CPU
		{E71A2F30-B43D-45BD-A6F7-A83F17CA561A}.Ad-Hoc|Any CPU.ActiveCfg = Ad-Hoc|iPhone
		{E71A2F30-B43D-45BD-A6F7-A83F17CA561A}.Ad-Hoc|ARM.ActiveCfg = Ad-Hoc|iPhone
		{E71A2F30-B43D-45BD-A6F7-A83F17CA561A}.Ad-Hoc|iPhone.ActiveCfg = Ad-Hoc|iPhone
		{E71A2F30-B43D-45BD-A6F7-A83F17CA561A}.Ad-Hoc|iPhone.Build.0 = Ad-Hoc|iPhone
		{E71A2F30-B43D-45BD-A6F7-A83F17CA561A}.Ad-Hoc|iPhoneSimulator.ActiveCfg = Ad-Hoc|iPhoneSimulator
		{E71A2F30-B43D-45BD-A6F7-A83F17CA561A}.Ad-Hoc|iPhoneSimulator.Build.0 = Ad-Hoc|iPhoneSimulator
		{E71A2F30-B43D-45BD-A6F7-A83F17CA561A}.Ad-Hoc|x64.ActiveCfg = Ad-Hoc|iPhone
		{E71A2F30-B43D-45BD-A6F7-A83F17CA561A}.Ad-Hoc|x86.ActiveCfg = Ad-Hoc|iPhone
		{E71A2F30-B43D-45BD-A6F7-A83F17CA561A}.AppStore|Any CPU.ActiveCfg = AppStore|iPhone
		{E71A2F30-B43D-45BD-A6F7-A83F17CA561A}.AppStore|ARM.ActiveCfg = AppStore|iPhone
		{E71A2F30-B43D-45BD-A6F7-A83F17CA561A}.AppStore|iPhone.ActiveCfg = AppStore|iPhone
		{E71A2F30-B43D-45BD-A6F7-A83F17CA561A}.AppStore|iPhone.Build.0 = AppStore|iPhone
		{E71A2F30-B43D-45BD-A6F7-A83F17CA561A}.AppStore|iPhoneSimulator.ActiveCfg = AppStore|iPhoneSimulator
		{E71A2F30-B43D-45BD-A6F7-A83F17CA561A}.AppStore|iPhoneSimulator.Build.0 = AppStore|iPhoneSimulator
		{E71A2F30-B43D-45BD-A6F7-A83F17CA561A}.AppStore|x64.ActiveCfg = AppStore|iPhone
		{E71A2F30-B43D-45BD-A6F7-A83F17CA561A}.AppStore|x86.ActiveCfg = AppStore|iPhone
		{E71A2F30-B43D-45BD-A6F7-A83F17CA561A}.Debug|Any CPU.ActiveCfg = Debug|iPhone
		{E71A2F30-B43D-45BD-A6F7-A83F17CA561A}.Debug|ARM.ActiveCfg = Debug|iPhone
		{E71A2F30-B43D-45BD-A6F7-A83F17CA561A}.Debug|iPhone.ActiveCfg = Debug|iPhone
		{E71A2F30-B43D-45BD-A6F7-A83F17CA561A}.Debug|iPhone.Build.0 = Debug|iPhone
		{E71A2F30-B43D-45BD-A6F7-A83F17CA561A}.Debug|iPhoneSimulator.ActiveCfg = Debug|iPhoneSimulator
		{E71A2F30-B43D-45BD-A6F7-A83F17CA561A}.Debug|iPhoneSimulator.Build.0 = Debug|iPhoneSimulator
		{E71A2F30-B43D-45BD-A6F7-A83F17CA561A}.Debug|x64.ActiveCfg = Debug|iPhone
		{E71A2F30-B43D-45BD-A6F7-A83F17CA561A}.Debug|x86.ActiveCfg = Debug|iPhone
		{E71A2F30-B43D-45BD-A6F7-A83F17CA561A}.Release|Any CPU.ActiveCfg = Release|iPhone
		{E71A2F30-B43D-45BD-A6F7-A83F17CA561A}.Release|ARM.ActiveCfg = Release|iPhone
		{E71A2F30-B43D-45BD-A6F7-A83F17CA561A}.Release|iPhone.ActiveCfg = Release|iPhone
		{E71A2F30-B43D-45BD-A6F7-A83F17CA561A}.Release|iPhone.Build.0 = Release|iPhone
		{E71A2F30-B43D-45BD-A6F7-A83F17CA561A}.Release|iPhoneSimulator.ActiveCfg = Release|iPhoneSimulator
		{E71A2F30-B43D-45BD-A6F7-A83F17CA561A}.Release|iPhoneSimulator.Build.0 = Release|iPhoneSimulator
		{E71A2F30-B43D-45BD-A6F7-A83F17CA561A}.Release|x64.ActiveCfg = Release|iPhone
		{E71A2F30-B43D-45BD-A6F7-A83F17CA561A}.Release|x86.ActiveCfg = Release|iPhone
		{673C1C60-856E-4566-B0A3-C90A23699514}.Ad-Hoc|Any CPU.ActiveCfg = Release|x86
		{673C1C60-856E-4566-B0A3-C90A23699514}.Ad-Hoc|Any CPU.Build.0 = Release|x86
		{673C1C60-856E-4566-B0A3-C90A23699514}.Ad-Hoc|Any CPU.Deploy.0 = Release|x86
		{673C1C60-856E-4566-B0A3-C90A23699514}.Ad-Hoc|ARM.ActiveCfg = Release|ARM
		{673C1C60-856E-4566-B0A3-C90A23699514}.Ad-Hoc|ARM.Build.0 = Release|ARM
		{673C1C60-856E-4566-B0A3-C90A23699514}.Ad-Hoc|ARM.Deploy.0 = Release|ARM
		{673C1C60-856E-4566-B0A3-C90A23699514}.Ad-Hoc|iPhone.ActiveCfg = Release|x86
		{673C1C60-856E-4566-B0A3-C90A23699514}.Ad-Hoc|iPhone.Build.0 = Release|x86
		{673C1C60-856E-4566-B0A3-C90A23699514}.Ad-Hoc|iPhone.Deploy.0 = Release|x86
		{673C1C60-856E-4566-B0A3-C90A23699514}.Ad-Hoc|iPhoneSimulator.ActiveCfg = Release|x86
		{673C1C60-856E-4566-B0A3-C90A23699514}.Ad-Hoc|iPhoneSimulator.Build.0 = Release|x86
		{673C1C60-856E-4566-B0A3-C90A23699514}.Ad-Hoc|iPhoneSimulator.Deploy.0 = Release|x86
		{673C1C60-856E-4566-B0A3-C90A23699514}.Ad-Hoc|x64.ActiveCfg = Release|x64
		{673C1C60-856E-4566-B0A3-C90A23699514}.Ad-Hoc|x64.Build.0 = Release|x64
		{673C1C60-856E-4566-B0A3-C90A23699514}.Ad-Hoc|x64.Deploy.0 = Release|x64
		{673C1C60-856E-4566-B0A3-C90A23699514}.Ad-Hoc|x86.ActiveCfg = Release|x86
		{673C1C60-856E-4566-B0A3-C90A23699514}.Ad-Hoc|x86.Build.0 = Release|x86
		{673C1C60-856E-4566-B0A3-C90A23699514}.Ad-Hoc|x86.Deploy.0 = Release|x86
		{673C1C60-856E-4566-B0A3-C90A23699514}.AppStore|Any CPU.ActiveCfg = Release|x86
		{673C1C60-856E-4566-B0A3-C90A23699514}.AppStore|Any CPU.Build.0 = Release|x86
		{673C1C60-856E-4566-B0A3-C90A23699514}.AppStore|Any CPU.Deploy.0 = Release|x86
		{673C1C60-856E-4566-B0A3-C90A23699514}.AppStore|ARM.ActiveCfg = Release|ARM
		{673C1C60-856E-4566-B0A3-C90A23699514}.AppStore|ARM.Build.0 = Release|ARM
		{673C1C60-856E-4566-B0A3-C90A23699514}.AppStore|ARM.Deploy.0 = Release|ARM
		{673C1C60-856E-4566-B0A3-C90A23699514}.AppStore|iPhone.ActiveCfg = Release|x86
		{673C1C60-856E-4566-B0A3-C90A23699514}.AppStore|iPhone.Build.0 = Release|x86
		{673C1C60-856E-4566-B0A3-C90A23699514}.AppStore|iPhone.Deploy.0 = Release|x86
		{673C1C60-856E-4566-B0A3-C90A23699514}.AppStore|iPhoneSimulator.ActiveCfg = Release|x86
		{673C1C60-856E-4566-B0A3-C90A23699514}.AppStore|iPhoneSimulator.Build.0 = Release|x86
		{673C1C60-856E-4566-B0A3-C90A23699514}.AppStore|iPhoneSimulator.Deploy.0 = Release|x86
		{673C1C60-856E-4566-B0A3-C90A23699514}.AppStore|x64.ActiveCfg = Release|x64
		{673C1C60-856E-4566-B0A3-C90A23699514}.AppStore|x64.Build.0 = Release|x64
		{673C1C60-856E-4566-B0A3-C90A23699514}.AppStore|x64.Deploy.0 = Release|x64
		{673C1C60-856E-4566-B0A3-C90A23699514}.AppStore|x86.ActiveCfg = Release|x86
		{673C1C60-856E-4566-B0A3-C90A23699514}.AppStore|x86.Build.0 = Release|x86
		{673C1C60-856E-4566-B0A3-C90A23699514}.AppStore|x86.Deploy.0 = Release|x86
		{673C1C60-856E-4566-B0A3-C90A23699514}.Debug|Any CPU.ActiveCfg = Debug|x86
		{673C1C60-856E-4566-B0A3-C90A23699514}.Debug|ARM.ActiveCfg = Debug|ARM
		{673C1C60-856E-4566-B0A3-C90A23699514}.Debug|ARM.Build.0 = Debug|ARM
		{673C1C60-856E-4566-B0A3-C90A23699514}.Debug|ARM.Deploy.0 = Debug|ARM
		{673C1C60-856E-4566-B0A3-C90A23699514}.Debug|iPhone.ActiveCfg = Debug|x86
		{673C1C60-856E-4566-B0A3-C90A23699514}.Debug|iPhoneSimulator.ActiveCfg = Debug|x86
		{673C1C60-856E-4566-B0A3-C90A23699514}.Debug|x64.ActiveCfg = Debug|x64
		{673C1C60-856E-4566-B0A3-C90A23699514}.Debug|x64.Build.0 = Debug|x64
		{673C1C60-856E-4566-B0A3-C90A23699514}.Debug|x64.Deploy.0 = Debug|x64
		{673C1C60-856E-4566-B0A3-C90A23699514}.Debug|x86.ActiveCfg = Debug|x86
		{673C1C60-856E-4566-B0A3-C90A23699514}.Debug|x86.Build.0 = Debug|x86
		{673C1C60-856E-4566-B0A3-C90A23699514}.Debug|x86.Deploy.0 = Debug|x86
		{673C1C60-856E-4566-B0A3-C90A23699514}.Release|Any CPU.ActiveCfg = Release|x86
		{673C1C60-856E-4566-B0A3-C90A23699514}.Release|ARM.ActiveCfg = Release|ARM
		{673C1C60-856E-4566-B0A3-C90A23699514}.Release|ARM.Build.0 = Release|ARM
		{673C1C60-856E-4566-B0A3-C90A23699514}.Release|ARM.Deploy.0 = Release|ARM
		{673C1C60-856E-4566-B0A3-C90A23699514}.Release|iPhone.ActiveCfg = Release|x86
		{673C1C60-856E-4566-B0A3-C90A23699514}.Release|iPhoneSimulator.ActiveCfg = Release|x86
		{673C1C60-856E-4566-B0A3-C90A23699514}.Release|x64.ActiveCfg = Release|x64
		{673C1C60-856E-4566-B0A3-C90A23699514}.Release|x64.Build.0 = Release|x64
		{673C1C60-856E-4566-B0A3-C90A23699514}.Release|x64.Deploy.0 = Release|x64
		{673C1C60-856E-4566-B0A3-C90A23699514}.Release|x86.ActiveCfg = Release|x86
		{673C1C60-856E-4566-B0A3-C90A23699514}.Release|x86.Build.0 = Release|x86
		{673C1C60-856E-4566-B0A3-C90A23699514}.Release|x86.Deploy.0 = Release|x86
		{20FDA6ED-B68E-4610-807B-F358668F181E}.Ad-Hoc|Any CPU.ActiveCfg = Release|Any CPU
		{20FDA6ED-B68E-4610-807B-F358668F181E}.Ad-Hoc|Any CPU.Build.0 = Release|Any CPU
		{20FDA6ED-B68E-4610-807B-F358668F181E}.Ad-Hoc|Any CPU.Deploy.0 = Release|Any CPU
		{20FDA6ED-B68E-4610-807B-F358668F181E}.Ad-Hoc|ARM.ActiveCfg = Release|Any CPU
		{20FDA6ED-B68E-4610-807B-F358668F181E}.Ad-Hoc|ARM.Build.0 = Release|Any CPU
		{20FDA6ED-B68E-4610-807B-F358668F181E}.Ad-Hoc|ARM.Deploy.0 = Release|Any CPU
		{20FDA6ED-B68E-4610-807B-F358668F181E}.Ad-Hoc|iPhone.ActiveCfg = Release|Any CPU
		{20FDA6ED-B68E-4610-807B-F358668F181E}.Ad-Hoc|iPhone.Build.0 = Release|Any CPU
		{20FDA6ED-B68E-4610-807B-F358668F181E}.Ad-Hoc|iPhone.Deploy.0 = Release|Any CPU
		{20FDA6ED-B68E-4610-807B-F358668F181E}.Ad-Hoc|iPhoneSimulator.ActiveCfg = Release|Any CPU
		{20FDA6ED-B68E-4610-807B-F358668F181E}.Ad-Hoc|iPhoneSimulator.Build.0 = Release|Any CPU
		{20FDA6ED-B68E-4610-807B-F358668F181E}.Ad-Hoc|iPhoneSimulator.Deploy.0 = Release|Any CPU
		{20FDA6ED-B68E-4610-807B-F358668F181E}.Ad-Hoc|x64.ActiveCfg = Release|Any CPU
		{20FDA6ED-B68E-4610-807B-F358668F181E}.Ad-Hoc|x64.Build.0 = Release|Any CPU
		{20FDA6ED-B68E-4610-807B-F358668F181E}.Ad-Hoc|x64.Deploy.0 = Release|Any CPU
		{20FDA6ED-B68E-4610-807B-F358668F181E}.Ad-Hoc|x86.ActiveCfg = Release|Any CPU
		{20FDA6ED-B68E-4610-807B-F358668F181E}.Ad-Hoc|x86.Build.0 = Release|Any CPU
		{20FDA6ED-B68E-4610-807B-F358668F181E}.Ad-Hoc|x86.Deploy.0 = Release|Any CPU
		{20FDA6ED-B68E-4610-807B-F358668F181E}.AppStore|Any CPU.ActiveCfg = Release|Any CPU
		{20FDA6ED-B68E-4610-807B-F358668F181E}.AppStore|Any CPU.Build.0 = Release|Any CPU
		{20FDA6ED-B68E-4610-807B-F358668F181E}.AppStore|Any CPU.Deploy.0 = Release|Any CPU
		{20FDA6ED-B68E-4610-807B-F358668F181E}.AppStore|ARM.ActiveCfg = Release|Any CPU
		{20FDA6ED-B68E-4610-807B-F358668F181E}.AppStore|ARM.Build.0 = Release|Any CPU
		{20FDA6ED-B68E-4610-807B-F358668F181E}.AppStore|ARM.Deploy.0 = Release|Any CPU
		{20FDA6ED-B68E-4610-807B-F358668F181E}.AppStore|iPhone.ActiveCfg = Release|Any CPU
		{20FDA6ED-B68E-4610-807B-F358668F181E}.AppStore|iPhone.Build.0 = Release|Any CPU
		{20FDA6ED-B68E-4610-807B-F358668F181E}.AppStore|iPhone.Deploy.0 = Release|Any CPU
		{20FDA6ED-B68E-4610-807B-F358668F181E}.AppStore|iPhoneSimulator.ActiveCfg = Release|Any CPU
		{20FDA6ED-B68E-4610-807B-F358668F181E}.AppStore|iPhoneSimulator.Build.0 = Release|Any CPU
		{20FDA6ED-B68E-4610-807B-F358668F181E}.AppStore|iPhoneSimulator.Deploy.0 = Release|Any CPU
		{20FDA6ED-B68E-4610-807B-F358668F181E}.AppStore|x64.ActiveCfg = Release|Any CPU
		{20FDA6ED-B68E-4610-807B-F358668F181E}.AppStore|x64.Build.0 = Release|Any CPU
		{20FDA6ED-B68E-4610-807B-F358668F181E}.AppStore|x64.Deploy.0 = Release|Any CPU
		{20FDA6ED-B68E-4610-807B-F358668F181E}.AppStore|x86.ActiveCfg = Release|Any CPU
		{20FDA6ED-B68E-4610-807B-F358668F181E}.AppStore|x86.Build.0 = Release|Any CPU
		{20FDA6ED-B68E-4610-807B-F358668F181E}.AppStore|x86.Deploy.0 = Release|Any CPU
		{20FDA6ED-B68E-4610-807B-F358668F181E}.Debug|Any CPU.ActiveCfg = Debug|Any CPU
		{20FDA6ED-B68E-4610-807B-F358668F181E}.Debug|Any CPU.Build.0 = Debug|Any CPU
		{20FDA6ED-B68E-4610-807B-F358668F181E}.Debug|Any CPU.Deploy.0 = Debug|Any CPU
		{20FDA6ED-B68E-4610-807B-F358668F181E}.Debug|ARM.ActiveCfg = Debug|Any CPU
		{20FDA6ED-B68E-4610-807B-F358668F181E}.Debug|ARM.Build.0 = Debug|Any CPU
		{20FDA6ED-B68E-4610-807B-F358668F181E}.Debug|ARM.Deploy.0 = Debug|Any CPU
		{20FDA6ED-B68E-4610-807B-F358668F181E}.Debug|iPhone.ActiveCfg = Debug|Any CPU
		{20FDA6ED-B68E-4610-807B-F358668F181E}.Debug|iPhone.Build.0 = Debug|Any CPU
		{20FDA6ED-B68E-4610-807B-F358668F181E}.Debug|iPhone.Deploy.0 = Debug|Any CPU
		{20FDA6ED-B68E-4610-807B-F358668F181E}.Debug|iPhoneSimulator.ActiveCfg = Debug|Any CPU
		{20FDA6ED-B68E-4610-807B-F358668F181E}.Debug|iPhoneSimulator.Build.0 = Debug|Any CPU
		{20FDA6ED-B68E-4610-807B-F358668F181E}.Debug|iPhoneSimulator.Deploy.0 = Debug|Any CPU
		{20FDA6ED-B68E-4610-807B-F358668F181E}.Debug|x64.ActiveCfg = Debug|Any CPU
		{20FDA6ED-B68E-4610-807B-F358668F181E}.Debug|x64.Build.0 = Debug|Any CPU
		{20FDA6ED-B68E-4610-807B-F358668F181E}.Debug|x64.Deploy.0 = Debug|Any CPU
		{20FDA6ED-B68E-4610-807B-F358668F181E}.Debug|x86.ActiveCfg = Debug|Any CPU
		{20FDA6ED-B68E-4610-807B-F358668F181E}.Debug|x86.Build.0 = Debug|Any CPU
		{20FDA6ED-B68E-4610-807B-F358668F181E}.Debug|x86.Deploy.0 = Debug|Any CPU
		{20FDA6ED-B68E-4610-807B-F358668F181E}.Release|Any CPU.ActiveCfg = Release|Any CPU
		{20FDA6ED-B68E-4610-807B-F358668F181E}.Release|Any CPU.Build.0 = Release|Any CPU
		{20FDA6ED-B68E-4610-807B-F358668F181E}.Release|Any CPU.Deploy.0 = Release|Any CPU
		{20FDA6ED-B68E-4610-807B-F358668F181E}.Release|ARM.ActiveCfg = Release|Any CPU
		{20FDA6ED-B68E-4610-807B-F358668F181E}.Release|ARM.Build.0 = Release|Any CPU
		{20FDA6ED-B68E-4610-807B-F358668F181E}.Release|ARM.Deploy.0 = Release|Any CPU
		{20FDA6ED-B68E-4610-807B-F358668F181E}.Release|iPhone.ActiveCfg = Release|Any CPU
		{20FDA6ED-B68E-4610-807B-F358668F181E}.Release|iPhone.Build.0 = Release|Any CPU
		{20FDA6ED-B68E-4610-807B-F358668F181E}.Release|iPhone.Deploy.0 = Release|Any CPU
		{20FDA6ED-B68E-4610-807B-F358668F181E}.Release|iPhoneSimulator.ActiveCfg = Release|Any CPU
		{20FDA6ED-B68E-4610-807B-F358668F181E}.Release|iPhoneSimulator.Build.0 = Release|Any CPU
		{20FDA6ED-B68E-4610-807B-F358668F181E}.Release|iPhoneSimulator.Deploy.0 = Release|Any CPU
		{20FDA6ED-B68E-4610-807B-F358668F181E}.Release|x64.ActiveCfg = Release|Any CPU
		{20FDA6ED-B68E-4610-807B-F358668F181E}.Release|x64.Build.0 = Release|Any CPU
		{20FDA6ED-B68E-4610-807B-F358668F181E}.Release|x64.Deploy.0 = Release|Any CPU
		{20FDA6ED-B68E-4610-807B-F358668F181E}.Release|x86.ActiveCfg = Release|Any CPU
		{20FDA6ED-B68E-4610-807B-F358668F181E}.Release|x86.Build.0 = Release|Any CPU
		{20FDA6ED-B68E-4610-807B-F358668F181E}.Release|x86.Deploy.0 = Release|Any CPU
		{B445DF73-AC9E-4276-9FBA-7CB5AD5D2518}.Ad-Hoc|Any CPU.ActiveCfg = Release|Any CPU
		{B445DF73-AC9E-4276-9FBA-7CB5AD5D2518}.Ad-Hoc|Any CPU.Build.0 = Release|Any CPU
		{B445DF73-AC9E-4276-9FBA-7CB5AD5D2518}.Ad-Hoc|ARM.ActiveCfg = Release|Any CPU
		{B445DF73-AC9E-4276-9FBA-7CB5AD5D2518}.Ad-Hoc|ARM.Build.0 = Release|Any CPU
		{B445DF73-AC9E-4276-9FBA-7CB5AD5D2518}.Ad-Hoc|iPhone.ActiveCfg = Release|Any CPU
		{B445DF73-AC9E-4276-9FBA-7CB5AD5D2518}.Ad-Hoc|iPhone.Build.0 = Release|Any CPU
		{B445DF73-AC9E-4276-9FBA-7CB5AD5D2518}.Ad-Hoc|iPhoneSimulator.ActiveCfg = Release|Any CPU
		{B445DF73-AC9E-4276-9FBA-7CB5AD5D2518}.Ad-Hoc|iPhoneSimulator.Build.0 = Release|Any CPU
		{B445DF73-AC9E-4276-9FBA-7CB5AD5D2518}.Ad-Hoc|x64.ActiveCfg = Release|Any CPU
		{B445DF73-AC9E-4276-9FBA-7CB5AD5D2518}.Ad-Hoc|x64.Build.0 = Release|Any CPU
		{B445DF73-AC9E-4276-9FBA-7CB5AD5D2518}.Ad-Hoc|x86.ActiveCfg = Release|Any CPU
		{B445DF73-AC9E-4276-9FBA-7CB5AD5D2518}.Ad-Hoc|x86.Build.0 = Release|Any CPU
		{B445DF73-AC9E-4276-9FBA-7CB5AD5D2518}.AppStore|Any CPU.ActiveCfg = Release|Any CPU
		{B445DF73-AC9E-4276-9FBA-7CB5AD5D2518}.AppStore|Any CPU.Build.0 = Release|Any CPU
		{B445DF73-AC9E-4276-9FBA-7CB5AD5D2518}.AppStore|ARM.ActiveCfg = Release|Any CPU
		{B445DF73-AC9E-4276-9FBA-7CB5AD5D2518}.AppStore|ARM.Build.0 = Release|Any CPU
		{B445DF73-AC9E-4276-9FBA-7CB5AD5D2518}.AppStore|iPhone.ActiveCfg = Release|Any CPU
		{B445DF73-AC9E-4276-9FBA-7CB5AD5D2518}.AppStore|iPhone.Build.0 = Release|Any CPU
		{B445DF73-AC9E-4276-9FBA-7CB5AD5D2518}.AppStore|iPhoneSimulator.ActiveCfg = Release|Any CPU
		{B445DF73-AC9E-4276-9FBA-7CB5AD5D2518}.AppStore|iPhoneSimulator.Build.0 = Release|Any CPU
		{B445DF73-AC9E-4276-9FBA-7CB5AD5D2518}.AppStore|x64.ActiveCfg = Release|Any CPU
		{B445DF73-AC9E-4276-9FBA-7CB5AD5D2518}.AppStore|x64.Build.0 = Release|Any CPU
		{B445DF73-AC9E-4276-9FBA-7CB5AD5D2518}.AppStore|x86.ActiveCfg = Release|Any CPU
		{B445DF73-AC9E-4276-9FBA-7CB5AD5D2518}.AppStore|x86.Build.0 = Release|Any CPU
		{B445DF73-AC9E-4276-9FBA-7CB5AD5D2518}.Debug|Any CPU.ActiveCfg = Debug|Any CPU
		{B445DF73-AC9E-4276-9FBA-7CB5AD5D2518}.Debug|Any CPU.Build.0 = Debug|Any CPU
		{B445DF73-AC9E-4276-9FBA-7CB5AD5D2518}.Debug|ARM.ActiveCfg = Debug|Any CPU
		{B445DF73-AC9E-4276-9FBA-7CB5AD5D2518}.Debug|ARM.Build.0 = Debug|Any CPU
		{B445DF73-AC9E-4276-9FBA-7CB5AD5D2518}.Debug|iPhone.ActiveCfg = Debug|Any CPU
		{B445DF73-AC9E-4276-9FBA-7CB5AD5D2518}.Debug|iPhone.Build.0 = Debug|Any CPU
		{B445DF73-AC9E-4276-9FBA-7CB5AD5D2518}.Debug|iPhoneSimulator.ActiveCfg = Debug|Any CPU
		{B445DF73-AC9E-4276-9FBA-7CB5AD5D2518}.Debug|iPhoneSimulator.Build.0 = Debug|Any CPU
		{B445DF73-AC9E-4276-9FBA-7CB5AD5D2518}.Debug|x64.ActiveCfg = Debug|Any CPU
		{B445DF73-AC9E-4276-9FBA-7CB5AD5D2518}.Debug|x64.Build.0 = Debug|Any CPU
		{B445DF73-AC9E-4276-9FBA-7CB5AD5D2518}.Debug|x86.ActiveCfg = Debug|Any CPU
		{B445DF73-AC9E-4276-9FBA-7CB5AD5D2518}.Debug|x86.Build.0 = Debug|Any CPU
		{B445DF73-AC9E-4276-9FBA-7CB5AD5D2518}.Release|Any CPU.ActiveCfg = Release|Any CPU
		{B445DF73-AC9E-4276-9FBA-7CB5AD5D2518}.Release|Any CPU.Build.0 = Release|Any CPU
		{B445DF73-AC9E-4276-9FBA-7CB5AD5D2518}.Release|ARM.ActiveCfg = Release|Any CPU
		{B445DF73-AC9E-4276-9FBA-7CB5AD5D2518}.Release|ARM.Build.0 = Release|Any CPU
		{B445DF73-AC9E-4276-9FBA-7CB5AD5D2518}.Release|iPhone.ActiveCfg = Release|Any CPU
		{B445DF73-AC9E-4276-9FBA-7CB5AD5D2518}.Release|iPhone.Build.0 = Release|Any CPU
		{B445DF73-AC9E-4276-9FBA-7CB5AD5D2518}.Release|iPhoneSimulator.ActiveCfg = Release|Any CPU
		{B445DF73-AC9E-4276-9FBA-7CB5AD5D2518}.Release|iPhoneSimulator.Build.0 = Release|Any CPU
		{B445DF73-AC9E-4276-9FBA-7CB5AD5D2518}.Release|x64.ActiveCfg = Release|Any CPU
		{B445DF73-AC9E-4276-9FBA-7CB5AD5D2518}.Release|x64.Build.0 = Release|Any CPU
		{B445DF73-AC9E-4276-9FBA-7CB5AD5D2518}.Release|x86.ActiveCfg = Release|Any CPU
		{B445DF73-AC9E-4276-9FBA-7CB5AD5D2518}.Release|x86.Build.0 = Release|Any CPU
	EndGlobalSection
	GlobalSection(SolutionProperties) = preSolution
		HideSolutionNode = FALSE
	EndGlobalSection
	GlobalSection(ExtensibilityGlobals) = postSolution
		SolutionGuid = {F6D05029-56B8-4E45-AF2D-0E76295DDBA2}
	EndGlobalSection
EndGlobal
